
Microsoft Visual Studio Solution File, Format Version 12.00
# Visual Studio Version 17
VisualStudioVersion = 17.5.002.0
MinimumVisualStudioVersion = 10.0.40219.1
Project("{9A19103F-16F7-4668-BE54-9A1E7A4F7556}") = "TextEditor", "TextEditor.csproj", "{2101B0EE-BD95-4918-A154-F6550309AE59}"
EndProject
Global
	GlobalSection(SolutionConfigurationPlatforms) = preSolution
		Debug|Any CPU = Debug|Any CPU
		Release|Any CPU = Release|Any CPU
	EndGlobalSection
	GlobalSection(ProjectConfigurationPlatforms) = postSolution
		{2101B0EE-BD95-4918-A154-F6550309AE59}.Debug|Any CPU.ActiveCfg = Debug|Any CPU
		{2101B0EE-BD95-4918-A154-F6550309AE59}.Debug|Any CPU.Build.0 = Debug|Any CPU
		{2101B0EE-BD95-4918-A154-F6550309AE59}.Release|Any CPU.ActiveCfg = Release|Any CPU
		{2101B0EE-BD95-4918-A154-F6550309AE59}.Release|Any CPU.Build.0 = Release|Any CPU
	EndGlobalSection
	GlobalSection(SolutionProperties) = preSolution
		HideSolutionNode = FALSE
	EndGlobalSection
	GlobalSection(ExtensibilityGlobals) = postSolution
		SolutionGuid = {D0881356-A2C5-41BB-A83E-C0096BE85E94}
	EndGlobalSection
EndGlobal
